github.com/client9/misspell v0.3.4/go.mod h1:qj6jICC3Q7zFZvVWo7KLAzC3yx5G7kyvSDkc90ppPyw=
gopkg.in/check.v1 v0.0.0-20161208181325-20d25e280405 h1:yhCVgyC4o1eVCa2tZl7eS0r+SDo693bJlVdllGtEeKM=
gopkg.in/check.v1 v0.0.0-20161208181325-20d25e280405/go.mod h1:Co6ibVJAznAaIkqp8huTwlJQCZ016jof/cbN4VW5Yz0=
gopkg.in/yaml.v3 v3.0.0-20190409140830-cdc409dda467 h1:w3VhdSYz2sIVz54Ta/eDCCfCQ4fQkDgRxMACggArIUw=
gopkg.in/yaml.v3 v3.0.0-20190409140830-cdc409dda467/go.mod h1:K4uyk7z7BCEPqu6E+C64Yfv1cQ7kz7rIZviUmN+EgEM=
k8s.io/community v0.0.0-20191101174530-21f103b7b0b4 h1:XqB6ucCmJlwnw0ti4fy/h52WFeO/C3UpeMBlvFlsTfA=
k8s.io/community v0.0.0-20191101174530-21f103b7b0b4/go.mod h1:gIeCL4314+Zd/40kAvZfAl+waJwKEI8wnG53zfX3dDM=
